
Microsoft Visual Studio Solution File, Format Version 12.00
# Visual Studio Version 16
VisualStudioVersion = 16.0.30711.63
MinimumVisualStudioVersion = 10.0.40219.1
Project("{9A19103F-16F7-4668-BE54-9A1E7A4F7556}") = "Methods", "Methods\Methods.csproj", "{6565738A-8D8B-46C2-941F-DD08A985C37F}"
EndProject
Project("{9A19103F-16F7-4668-BE54-9A1E7A4F7556}") = "Arrays", "Module 4\Arrays.csproj", "{61EE2DE0-9B63-47D4-9655-8FEA19EB6C89}"
EndProject
Global
	GlobalSection(SolutionConfigurationPlatforms) = preSolution
		Debug|Any CPU = Debug|Any CPU
		Release|Any CPU = Release|Any CPU
	EndGlobalSection
	GlobalSection(ProjectConfigurationPlatforms) = postSolution
		{6565738A-8D8B-46C2-941F-DD08A985C37F}.Debug|Any CPU.ActiveCfg = Debug|Any CPU
		{6565738A-8D8B-46C2-941F-DD08A985C37F}.Debug|Any CPU.Build.0 = Debug|Any CPU
		{6565738A-8D8B-46C2-941F-DD08A985C37F}.Release|Any CPU.ActiveCfg = Release|Any CPU
		{6565738A-8D8B-46C2-941F-DD08A985C37F}.Release|Any CPU.Build.0 = Release|Any CPU
		{61EE2DE0-9B63-47D4-9655-8FEA19EB6C89}.Debug|Any CPU.ActiveCfg = Debug|Any CPU
		{61EE2DE0-9B63-47D4-9655-8FEA19EB6C89}.Debug|Any CPU.Build.0 = Debug|Any CPU
		{61EE2DE0-9B63-47D4-9655-8FEA19EB6C89}.Release|Any CPU.ActiveCfg = Release|Any CPU
		{61EE2DE0-9B63-47D4-9655-8FEA19EB6C89}.Release|Any CPU.Build.0 = Release|Any CPU
	EndGlobalSection
	GlobalSection(SolutionProperties) = preSolution
		HideSolutionNode = FALSE
	EndGlobalSection
	GlobalSection(ExtensibilityGlobals) = postSolution
		SolutionGuid = {EB26A461-33AF-47EC-BD08-C4827491A0FC}
	EndGlobalSection
EndGlobal
